Microsoft Visual Studio Solution File, Format Version 12.00
# Visual Studio 2012
Project("{FAE04EC0-301F-11D3-BF4B-00C04F79EFBC}") = "Blood and Butter", "Blood and Butter.csproj", "{2B7EF914-D7DA-49E2-AA55-91A43A175EDB}"
EndProject
Global
	GlobalSection(SolutionConfigurationPlatforms) = preSolution
	Debug|Any CPU = Debug|Any CPU
	ExportDebug|Any CPU = ExportDebug|Any CPU
	ExportRelease|Any CPU = ExportRelease|Any CPU
	EndGlobalSection
	GlobalSection(ProjectConfigurationPlatforms) = postSolution
		{2B7EF914-D7DA-49E2-AA55-91A43A175EDB}.Debug|Any CPU.ActiveCfg = Debug|Any CPU
		{2B7EF914-D7DA-49E2-AA55-91A43A175EDB}.Debug|Any CPU.Build.0 = Debug|Any CPU
		{2B7EF914-D7DA-49E2-AA55-91A43A175EDB}.ExportDebug|Any CPU.ActiveCfg = ExportDebug|Any CPU
		{2B7EF914-D7DA-49E2-AA55-91A43A175EDB}.ExportDebug|Any CPU.Build.0 = ExportDebug|Any CPU
		{2B7EF914-D7DA-49E2-AA55-91A43A175EDB}.ExportRelease|Any CPU.ActiveCfg = ExportRelease|Any CPU
		{2B7EF914-D7DA-49E2-AA55-91A43A175EDB}.ExportRelease|Any CPU.Build.0 = ExportRelease|Any CPU
	EndGlobalSection
EndGlobal
